
Microsoft Visual Studio Solution File, Format Version 10.00
# Visual Studio 2008
Project("{8BC9CEB8-8B4A-11D0-8D11-00A0C91BC942}") = "T-2-4", "T-2-4\T-2-4.vcproj", "{5FE4E904-8A2C-40C6-849A-1AA6796CC1C7}"
EndProject
Global
	GlobalSection(SolutionConfigurationPlatforms) = preSolution
		Debug|Win32 = Debug|Win32
		Release|Win32 = Release|Win32
	EndGlobalSection
	GlobalSection(ProjectConfigurationPlatforms) = postSolution
		{5FE4E904-8A2C-40C6-849A-1AA6796CC1C7}.Debug|Win32.ActiveCfg = Debug|Win32
		{5FE4E904-8A2C-40C6-849A-1AA6796CC1C7}.Debug|Win32.Build.0 = Debug|Win32
		{5FE4E904-8A2C-40C6-849A-1AA6796CC1C7}.Release|Win32.ActiveCfg = Release|Win32
		{5FE4E904-8A2C-40C6-849A-1AA6796CC1C7}.Release|Win32.Build.0 = Release|Win32
	EndGlobalSection
	GlobalSection(SolutionProperties) = preSolution
		HideSolutionNode = FALSE
	EndGlobalSection
EndGlobal
