
Microsoft Visual Studio Solution File, Format Version 10.00
# Visual Studio 2008
Project("{8BC9CEB8-8B4A-11D0-8D11-00A0C91BC942}") = "main-9-4", "main-9-4\main-9-4.vcproj", "{AFD5DB52-73A6-411E-AA0B-F8B92718ACFC}"
EndProject
Global
	GlobalSection(SolutionConfigurationPlatforms) = preSolution
		Debug|Win32 = Debug|Win32
		Release|Win32 = Release|Win32
	EndGlobalSection
	GlobalSection(ProjectConfigurationPlatforms) = postSolution
		{AFD5DB52-73A6-411E-AA0B-F8B92718ACFC}.Debug|Win32.ActiveCfg = Debug|Win32
		{AFD5DB52-73A6-411E-AA0B-F8B92718ACFC}.Debug|Win32.Build.0 = Debug|Win32
		{AFD5DB52-73A6-411E-AA0B-F8B92718ACFC}.Release|Win32.ActiveCfg = Release|Win32
		{AFD5DB52-73A6-411E-AA0B-F8B92718ACFC}.Release|Win32.Build.0 = Release|Win32
	EndGlobalSection
	GlobalSection(SolutionProperties) = preSolution
		HideSolutionNode = FALSE
	EndGlobalSection
EndGlobal
