
Microsoft Visual Studio Solution File, Format Version 10.00
# Visual Studio 2008
Project("{8BC9CEB8-8B4A-11D0-8D11-00A0C91BC942}") = "stdu-6-2-2", "stdu-6-2-2\stdu-6-2-2.vcproj", "{C400AC79-DB03-488C-9081-1CFE6C61585E}"
EndProject
Global
	GlobalSection(SolutionConfigurationPlatforms) = preSolution
		Debug|Win32 = Debug|Win32
		Release|Win32 = Release|Win32
	EndGlobalSection
	GlobalSection(ProjectConfigurationPlatforms) = postSolution
		{C400AC79-DB03-488C-9081-1CFE6C61585E}.Debug|Win32.ActiveCfg = Debug|Win32
		{C400AC79-DB03-488C-9081-1CFE6C61585E}.Debug|Win32.Build.0 = Debug|Win32
		{C400AC79-DB03-488C-9081-1CFE6C61585E}.Release|Win32.ActiveCfg = Release|Win32
		{C400AC79-DB03-488C-9081-1CFE6C61585E}.Release|Win32.Build.0 = Release|Win32
	EndGlobalSection
	GlobalSection(SolutionProperties) = preSolution
		HideSolutionNode = FALSE
	EndGlobalSection
EndGlobal
