
Microsoft Visual Studio Solution File, Format Version 10.00
# Visual Studio 2008
Project("{8BC9CEB8-8B4A-11D0-8D11-00A0C91BC942}") = "wp-6-3", "wp-6-3\wp-6-3.vcproj", "{45E62C41-0046-49E6-94C7-918300E9B578}"
EndProject
Global
	GlobalSection(SolutionConfigurationPlatforms) = preSolution
		Debug|Win32 = Debug|Win32
		Release|Win32 = Release|Win32
	EndGlobalSection
	GlobalSection(ProjectConfigurationPlatforms) = postSolution
		{45E62C41-0046-49E6-94C7-918300E9B578}.Debug|Win32.ActiveCfg = Debug|Win32
		{45E62C41-0046-49E6-94C7-918300E9B578}.Debug|Win32.Build.0 = Debug|Win32
		{45E62C41-0046-49E6-94C7-918300E9B578}.Release|Win32.ActiveCfg = Release|Win32
		{45E62C41-0046-49E6-94C7-918300E9B578}.Release|Win32.Build.0 = Release|Win32
	EndGlobalSection
	GlobalSection(SolutionProperties) = preSolution
		HideSolutionNode = FALSE
	EndGlobalSection
EndGlobal
