
Microsoft Visual Studio Solution File, Format Version 10.00
# Visual Studio 2008
Project("{8BC9CEB8-8B4A-11D0-8D11-00A0C91BC942}") = "main-8-2", "main-8-2\main-8-2.vcproj", "{C4AFB31D-CD9F-45BA-ABCE-D7001CA7123D}"
EndProject
Global
	GlobalSection(SolutionConfigurationPlatforms) = preSolution
		Debug|Win32 = Debug|Win32
		Release|Win32 = Release|Win32
	EndGlobalSection
	GlobalSection(ProjectConfigurationPlatforms) = postSolution
		{C4AFB31D-CD9F-45BA-ABCE-D7001CA7123D}.Debug|Win32.ActiveCfg = Debug|Win32
		{C4AFB31D-CD9F-45BA-ABCE-D7001CA7123D}.Debug|Win32.Build.0 = Debug|Win32
		{C4AFB31D-CD9F-45BA-ABCE-D7001CA7123D}.Release|Win32.ActiveCfg = Release|Win32
		{C4AFB31D-CD9F-45BA-ABCE-D7001CA7123D}.Release|Win32.Build.0 = Release|Win32
	EndGlobalSection
	GlobalSection(SolutionProperties) = preSolution
		HideSolutionNode = FALSE
	EndGlobalSection
EndGlobal
