
Microsoft Visual Studio Solution File, Format Version 10.00
# Visual Studio 2008
Project("{8BC9CEB8-8B4A-11D0-8D11-00A0C91BC942}") = "main-8-3", "main-8-3\main-8-3.vcproj", "{C27E847F-5CC1-4710-B7D9-56C48BA0550D}"
EndProject
Global
	GlobalSection(SolutionConfigurationPlatforms) = preSolution
		Debug|Win32 = Debug|Win32
		Release|Win32 = Release|Win32
	EndGlobalSection
	GlobalSection(ProjectConfigurationPlatforms) = postSolution
		{C27E847F-5CC1-4710-B7D9-56C48BA0550D}.Debug|Win32.ActiveCfg = Debug|Win32
		{C27E847F-5CC1-4710-B7D9-56C48BA0550D}.Debug|Win32.Build.0 = Debug|Win32
		{C27E847F-5CC1-4710-B7D9-56C48BA0550D}.Release|Win32.ActiveCfg = Release|Win32
		{C27E847F-5CC1-4710-B7D9-56C48BA0550D}.Release|Win32.Build.0 = Release|Win32
	EndGlobalSection
	GlobalSection(SolutionProperties) = preSolution
		HideSolutionNode = FALSE
	EndGlobalSection
EndGlobal
