
Microsoft Visual Studio Solution File, Format Version 10.00
# Visual Studio 2008
Project("{8BC9CEB8-8B4A-11D0-8D11-00A0C91BC942}") = "wp-3-4", "wp-3-4\wp-3-4.vcproj", "{954E4F4D-D2C0-4047-82B7-4D5591FB16B2}"
EndProject
Global
	GlobalSection(SolutionConfigurationPlatforms) = preSolution
		Debug|Win32 = Debug|Win32
		Release|Win32 = Release|Win32
	EndGlobalSection
	GlobalSection(ProjectConfigurationPlatforms) = postSolution
		{954E4F4D-D2C0-4047-82B7-4D5591FB16B2}.Debug|Win32.ActiveCfg = Debug|Win32
		{954E4F4D-D2C0-4047-82B7-4D5591FB16B2}.Debug|Win32.Build.0 = Debug|Win32
		{954E4F4D-D2C0-4047-82B7-4D5591FB16B2}.Release|Win32.ActiveCfg = Release|Win32
		{954E4F4D-D2C0-4047-82B7-4D5591FB16B2}.Release|Win32.Build.0 = Release|Win32
	EndGlobalSection
	GlobalSection(SolutionProperties) = preSolution
		HideSolutionNode = FALSE
	EndGlobalSection
EndGlobal
