
Microsoft Visual Studio Solution File, Format Version 10.00
# Visual Studio 2008
Project("{8BC9CEB8-8B4A-11D0-8D11-00A0C91BC942}") = "stdu-7-3", "stdu-7-3\stdu-7-3.vcproj", "{2837D48C-4412-479D-9C3F-F1CE417FF497}"
EndProject
Global
	GlobalSection(SolutionConfigurationPlatforms) = preSolution
		Debug|Win32 = Debug|Win32
		Release|Win32 = Release|Win32
	EndGlobalSection
	GlobalSection(ProjectConfigurationPlatforms) = postSolution
		{2837D48C-4412-479D-9C3F-F1CE417FF497}.Debug|Win32.ActiveCfg = Debug|Win32
		{2837D48C-4412-479D-9C3F-F1CE417FF497}.Debug|Win32.Build.0 = Debug|Win32
		{2837D48C-4412-479D-9C3F-F1CE417FF497}.Release|Win32.ActiveCfg = Release|Win32
		{2837D48C-4412-479D-9C3F-F1CE417FF497}.Release|Win32.Build.0 = Release|Win32
	EndGlobalSection
	GlobalSection(SolutionProperties) = preSolution
		HideSolutionNode = FALSE
	EndGlobalSection
EndGlobal
