
Microsoft Visual Studio Solution File, Format Version 10.00
# Visual Studio 2008
Project("{8BC9CEB8-8B4A-11D0-8D11-00A0C91BC942}") = "stdu-6-5-1", "stdu-6-5-1\stdu-6-5-1.vcproj", "{E79A62CA-BAEC-41E7-8302-09A3C318375B}"
EndProject
Global
	GlobalSection(SolutionConfigurationPlatforms) = preSolution
		Debug|Win32 = Debug|Win32
		Release|Win32 = Release|Win32
	EndGlobalSection
	GlobalSection(ProjectConfigurationPlatforms) = postSolution
		{E79A62CA-BAEC-41E7-8302-09A3C318375B}.Debug|Win32.ActiveCfg = Debug|Win32
		{E79A62CA-BAEC-41E7-8302-09A3C318375B}.Debug|Win32.Build.0 = Debug|Win32
		{E79A62CA-BAEC-41E7-8302-09A3C318375B}.Release|Win32.ActiveCfg = Release|Win32
		{E79A62CA-BAEC-41E7-8302-09A3C318375B}.Release|Win32.Build.0 = Release|Win32
	EndGlobalSection
	GlobalSection(SolutionProperties) = preSolution
		HideSolutionNode = FALSE
	EndGlobalSection
EndGlobal
