
Microsoft Visual Studio Solution File, Format Version 10.00
# Visual Studio 2008
Project("{8BC9CEB8-8B4A-11D0-8D11-00A0C91BC942}") = "stdu-5-1", "stdu-5-1\stdu-5-1.vcproj", "{7532D863-703D-4328-BCBA-94E7E83E1B95}"
EndProject
Global
	GlobalSection(SolutionConfigurationPlatforms) = preSolution
		Debug|Win32 = Debug|Win32
		Release|Win32 = Release|Win32
	EndGlobalSection
	GlobalSection(ProjectConfigurationPlatforms) = postSolution
		{7532D863-703D-4328-BCBA-94E7E83E1B95}.Debug|Win32.ActiveCfg = Debug|Win32
		{7532D863-703D-4328-BCBA-94E7E83E1B95}.Debug|Win32.Build.0 = Debug|Win32
		{7532D863-703D-4328-BCBA-94E7E83E1B95}.Release|Win32.ActiveCfg = Release|Win32
		{7532D863-703D-4328-BCBA-94E7E83E1B95}.Release|Win32.Build.0 = Release|Win32
	EndGlobalSection
	GlobalSection(SolutionProperties) = preSolution
		HideSolutionNode = FALSE
	EndGlobalSection
EndGlobal
