
Microsoft Visual Studio Solution File, Format Version 10.00
# Visual Studio 2008
Project("{8BC9CEB8-8B4A-11D0-8D11-00A0C91BC942}") = "stdu-6-5-3", "stdu-6-5-3\stdu-6-5-3.vcproj", "{D244EC26-87C9-4026-8BE0-4E6B359C3871}"
EndProject
Global
	GlobalSection(SolutionConfigurationPlatforms) = preSolution
		Debug|Win32 = Debug|Win32
		Release|Win32 = Release|Win32
	EndGlobalSection
	GlobalSection(ProjectConfigurationPlatforms) = postSolution
		{D244EC26-87C9-4026-8BE0-4E6B359C3871}.Debug|Win32.ActiveCfg = Debug|Win32
		{D244EC26-87C9-4026-8BE0-4E6B359C3871}.Debug|Win32.Build.0 = Debug|Win32
		{D244EC26-87C9-4026-8BE0-4E6B359C3871}.Release|Win32.ActiveCfg = Release|Win32
		{D244EC26-87C9-4026-8BE0-4E6B359C3871}.Release|Win32.Build.0 = Release|Win32
	EndGlobalSection
	GlobalSection(SolutionProperties) = preSolution
		HideSolutionNode = FALSE
	EndGlobalSection
EndGlobal
