
Microsoft Visual Studio Solution File, Format Version 10.00
# Visual Studio 2008
Project("{8BC9CEB8-8B4A-11D0-8D11-00A0C91BC942}") = "T-2-5", "T-2-5\T-2-5.vcproj", "{FBBC5DF9-051A-4E22-8152-43E0F4AA0AAF}"
EndProject
Global
	GlobalSection(SolutionConfigurationPlatforms) = preSolution
		Debug|Win32 = Debug|Win32
		Release|Win32 = Release|Win32
	EndGlobalSection
	GlobalSection(ProjectConfigurationPlatforms) = postSolution
		{FBBC5DF9-051A-4E22-8152-43E0F4AA0AAF}.Debug|Win32.ActiveCfg = Debug|Win32
		{FBBC5DF9-051A-4E22-8152-43E0F4AA0AAF}.Debug|Win32.Build.0 = Debug|Win32
		{FBBC5DF9-051A-4E22-8152-43E0F4AA0AAF}.Release|Win32.ActiveCfg = Release|Win32
		{FBBC5DF9-051A-4E22-8152-43E0F4AA0AAF}.Release|Win32.Build.0 = Release|Win32
	EndGlobalSection
	GlobalSection(SolutionProperties) = preSolution
		HideSolutionNode = FALSE
	EndGlobalSection
EndGlobal
