
Microsoft Visual Studio Solution File, Format Version 10.00
# Visual Studio 2008
Project("{8BC9CEB8-8B4A-11D0-8D11-00A0C91BC942}") = "stdu-7-2", "stdu-7-2\stdu-7-2.vcproj", "{B4E9112C-042F-4FB3-82E5-09CC9FE5229C}"
EndProject
Global
	GlobalSection(SolutionConfigurationPlatforms) = preSolution
		Debug|Win32 = Debug|Win32
		Release|Win32 = Release|Win32
	EndGlobalSection
	GlobalSection(ProjectConfigurationPlatforms) = postSolution
		{B4E9112C-042F-4FB3-82E5-09CC9FE5229C}.Debug|Win32.ActiveCfg = Debug|Win32
		{B4E9112C-042F-4FB3-82E5-09CC9FE5229C}.Debug|Win32.Build.0 = Debug|Win32
		{B4E9112C-042F-4FB3-82E5-09CC9FE5229C}.Release|Win32.ActiveCfg = Release|Win32
		{B4E9112C-042F-4FB3-82E5-09CC9FE5229C}.Release|Win32.Build.0 = Release|Win32
	EndGlobalSection
	GlobalSection(SolutionProperties) = preSolution
		HideSolutionNode = FALSE
	EndGlobalSection
EndGlobal
