
Microsoft Visual Studio Solution File, Format Version 10.00
# Visual Studio 2008
Project("{8BC9CEB8-8B4A-11D0-8D11-00A0C91BC942}") = "wp-2-1", "wp-2-1\wp-2-1.vcproj", "{95899835-6DC7-4906-8EFF-2B5451AFD5FB}"
EndProject
Global
	GlobalSection(SolutionConfigurationPlatforms) = preSolution
		Debug|Win32 = Debug|Win32
		Release|Win32 = Release|Win32
	EndGlobalSection
	GlobalSection(ProjectConfigurationPlatforms) = postSolution
		{95899835-6DC7-4906-8EFF-2B5451AFD5FB}.Debug|Win32.ActiveCfg = Debug|Win32
		{95899835-6DC7-4906-8EFF-2B5451AFD5FB}.Debug|Win32.Build.0 = Debug|Win32
		{95899835-6DC7-4906-8EFF-2B5451AFD5FB}.Release|Win32.ActiveCfg = Release|Win32
		{95899835-6DC7-4906-8EFF-2B5451AFD5FB}.Release|Win32.Build.0 = Release|Win32
	EndGlobalSection
	GlobalSection(SolutionProperties) = preSolution
		HideSolutionNode = FALSE
	EndGlobalSection
EndGlobal
